
Microsoft Visual Studio Solution File, Format Version 12.00
# Visual Studio Version 16
VisualStudioVersion = 16.0.31515.178
MinimumVisualStudioVersion = 10.0.40219.1
Project("{FAE04EC0-301F-11D3-BF4B-00C04F79EFBC}") = "ConsoleApp", "ConsoleApp\ConsoleApp.csproj", "{1A637492-C4C5-4210-927F-BE89A04C07E6}"
EndProject
Project("{FAE04EC0-301F-11D3-BF4B-00C04F79EFBC}") = "ClassLibrary", "ClassLibrary\ClassLibrary.csproj", "{94D590E2-25E9-4470-B18B-7FF090A015CC}"
EndProject
Global
	GlobalSection(SolutionConfigurationPlatforms) = preSolution
		Debug|Any CPU = Debug|Any CPU
		Release|Any CPU = Release|Any CPU
	EndGlobalSection
	GlobalSection(ProjectConfigurationPlatforms) = postSolution
		{1A637492-C4C5-4210-927F-BE89A04C07E6}.Debug|Any CPU.ActiveCfg = Debug|Any CPU
		{1A637492-C4C5-4210-927F-BE89A04C07E6}.Debug|Any CPU.Build.0 = Debug|Any CPU
		{1A637492-C4C5-4210-927F-BE89A04C07E6}.Release|Any CPU.ActiveCfg = Release|Any CPU
		{1A637492-C4C5-4210-927F-BE89A04C07E6}.Release|Any CPU.Build.0 = Release|Any CPU
		{94D590E2-25E9-4470-B18B-7FF090A015CC}.Debug|Any CPU.ActiveCfg = Debug|Any CPU
		{94D590E2-25E9-4470-B18B-7FF090A015CC}.Debug|Any CPU.Build.0 = Debug|Any CPU
		{94D590E2-25E9-4470-B18B-7FF090A015CC}.Release|Any CPU.ActiveCfg = Release|Any CPU
		{94D590E2-25E9-4470-B18B-7FF090A015CC}.Release|Any CPU.Build.0 = Release|Any CPU
	EndGlobalSection
	GlobalSection(SolutionProperties) = preSolution
		HideSolutionNode = FALSE
	EndGlobalSection
	GlobalSection(ExtensibilityGlobals) = postSolution
		SolutionGuid = {E1C2AD9B-A423-48BB-B798-52B2B7925533}
	EndGlobalSection
EndGlobal
