
Microsoft Visual Studio Solution File, Format Version 12.00
# Visual Studio Version 16
VisualStudioVersion = 16.0.31515.178
MinimumVisualStudioVersion = 10.0.40219.1
Project("{FAE04EC0-301F-11D3-BF4B-00C04F79EFBC}") = "Print", "Room\Print.csproj", "{4FB1DE58-F9EB-4C78-8000-48B533803032}"
EndProject
Project("{FAE04EC0-301F-11D3-BF4B-00C04F79EFBC}") = "PrinterWork", "Printer\PrinterWork.csproj", "{C0284EEC-6D63-4277-8676-01B443B0EB14}"
EndProject
Global
	GlobalSection(SolutionConfigurationPlatforms) = preSolution
		Debug|Any CPU = Debug|Any CPU
		Release|Any CPU = Release|Any CPU
	EndGlobalSection
	GlobalSection(ProjectConfigurationPlatforms) = postSolution
		{4FB1DE58-F9EB-4C78-8000-48B533803032}.Debug|Any CPU.ActiveCfg = Debug|Any CPU
		{4FB1DE58-F9EB-4C78-8000-48B533803032}.Debug|Any CPU.Build.0 = Debug|Any CPU
		{4FB1DE58-F9EB-4C78-8000-48B533803032}.Release|Any CPU.ActiveCfg = Release|Any CPU
		{4FB1DE58-F9EB-4C78-8000-48B533803032}.Release|Any CPU.Build.0 = Release|Any CPU
		{C0284EEC-6D63-4277-8676-01B443B0EB14}.Debug|Any CPU.ActiveCfg = Debug|Any CPU
		{C0284EEC-6D63-4277-8676-01B443B0EB14}.Debug|Any CPU.Build.0 = Debug|Any CPU
		{C0284EEC-6D63-4277-8676-01B443B0EB14}.Release|Any CPU.ActiveCfg = Release|Any CPU
		{C0284EEC-6D63-4277-8676-01B443B0EB14}.Release|Any CPU.Build.0 = Release|Any CPU
	EndGlobalSection
	GlobalSection(SolutionProperties) = preSolution
		HideSolutionNode = FALSE
	EndGlobalSection
	GlobalSection(ExtensibilityGlobals) = postSolution
		SolutionGuid = {656652F4-499D-4048-99EC-9C99073B2F25}
	EndGlobalSection
EndGlobal
