
Microsoft Visual Studio Solution File, Format Version 12.00
# Visual Studio Version 16
VisualStudioVersion = 16.0.31515.178
MinimumVisualStudioVersion = 10.0.40219.1
Project("{FAE04EC0-301F-11D3-BF4B-00C04F79EFBC}") = "The Area Of The Cone", "The Area Of The Cone\The Area Of The Cone.csproj", "{45B8E380-3112-48F8-A2DF-FB0924264C38}"
EndProject
Project("{FAE04EC0-301F-11D3-BF4B-00C04F79EFBC}") = "Operators", "Operators\Operators.csproj", "{AF3220ED-FEC6-40CA-9A6C-811BC3D974F5}"
EndProject
Project("{FAE04EC0-301F-11D3-BF4B-00C04F79EFBC}") = "GreatestCommonDivisor", "GreatestCommonDivisor\GreatestCommonDivisor.csproj", "{3D09A026-855E-4D40-A6C9-186EFA4788FE}"
EndProject
Global
	GlobalSection(SolutionConfigurationPlatforms) = preSolution
		Debug|Any CPU = Debug|Any CPU
		Release|Any CPU = Release|Any CPU
	EndGlobalSection
	GlobalSection(ProjectConfigurationPlatforms) = postSolution
		{45B8E380-3112-48F8-A2DF-FB0924264C38}.Debug|Any CPU.ActiveCfg = Debug|Any CPU
		{45B8E380-3112-48F8-A2DF-FB0924264C38}.Debug|Any CPU.Build.0 = Debug|Any CPU
		{45B8E380-3112-48F8-A2DF-FB0924264C38}.Release|Any CPU.ActiveCfg = Release|Any CPU
		{45B8E380-3112-48F8-A2DF-FB0924264C38}.Release|Any CPU.Build.0 = Release|Any CPU
		{AF3220ED-FEC6-40CA-9A6C-811BC3D974F5}.Debug|Any CPU.ActiveCfg = Debug|Any CPU
		{AF3220ED-FEC6-40CA-9A6C-811BC3D974F5}.Debug|Any CPU.Build.0 = Debug|Any CPU
		{AF3220ED-FEC6-40CA-9A6C-811BC3D974F5}.Release|Any CPU.ActiveCfg = Release|Any CPU
		{AF3220ED-FEC6-40CA-9A6C-811BC3D974F5}.Release|Any CPU.Build.0 = Release|Any CPU
		{3D09A026-855E-4D40-A6C9-186EFA4788FE}.Debug|Any CPU.ActiveCfg = Debug|Any CPU
		{3D09A026-855E-4D40-A6C9-186EFA4788FE}.Debug|Any CPU.Build.0 = Debug|Any CPU
		{3D09A026-855E-4D40-A6C9-186EFA4788FE}.Release|Any CPU.ActiveCfg = Release|Any CPU
		{3D09A026-855E-4D40-A6C9-186EFA4788FE}.Release|Any CPU.Build.0 = Release|Any CPU
	EndGlobalSection
	GlobalSection(SolutionProperties) = preSolution
		HideSolutionNode = FALSE
	EndGlobalSection
	GlobalSection(ExtensibilityGlobals) = postSolution
		SolutionGuid = {8E24B158-7FCB-448C-93C7-7F5CCFB3F059}
	EndGlobalSection
EndGlobal
