
Microsoft Visual Studio Solution File, Format Version 12.00
# Visual Studio Version 16
VisualStudioVersion = 16.0.31515.178
MinimumVisualStudioVersion = 10.0.40219.1
Project("{FAE04EC0-301F-11D3-BF4B-00C04F79EFBC}") = "ConsoleApp", "ConsoleApp\ConsoleApp.csproj", "{CB14ACBB-5953-447A-8C97-0E961BC28370}"
EndProject
Project("{FAE04EC0-301F-11D3-BF4B-00C04F79EFBC}") = "ClassLibrary", "ClassLibrary\ClassLibrary.csproj", "{04B1E459-680B-4BF7-BF2D-4818D070EB63}"
EndProject
Global
	GlobalSection(SolutionConfigurationPlatforms) = preSolution
		Debug|Any CPU = Debug|Any CPU
		Release|Any CPU = Release|Any CPU
	EndGlobalSection
	GlobalSection(ProjectConfigurationPlatforms) = postSolution
		{CB14ACBB-5953-447A-8C97-0E961BC28370}.Debug|Any CPU.ActiveCfg = Debug|Any CPU
		{CB14ACBB-5953-447A-8C97-0E961BC28370}.Debug|Any CPU.Build.0 = Debug|Any CPU
		{CB14ACBB-5953-447A-8C97-0E961BC28370}.Release|Any CPU.ActiveCfg = Release|Any CPU
		{CB14ACBB-5953-447A-8C97-0E961BC28370}.Release|Any CPU.Build.0 = Release|Any CPU
		{04B1E459-680B-4BF7-BF2D-4818D070EB63}.Debug|Any CPU.ActiveCfg = Debug|Any CPU
		{04B1E459-680B-4BF7-BF2D-4818D070EB63}.Debug|Any CPU.Build.0 = Debug|Any CPU
		{04B1E459-680B-4BF7-BF2D-4818D070EB63}.Release|Any CPU.ActiveCfg = Release|Any CPU
		{04B1E459-680B-4BF7-BF2D-4818D070EB63}.Release|Any CPU.Build.0 = Release|Any CPU
	EndGlobalSection
	GlobalSection(SolutionProperties) = preSolution
		HideSolutionNode = FALSE
	EndGlobalSection
	GlobalSection(ExtensibilityGlobals) = postSolution
		SolutionGuid = {C567C1B5-7BEC-44DC-9EC4-318A03D4688A}
	EndGlobalSection
EndGlobal
