
Microsoft Visual Studio Solution File, Format Version 12.00
# Visual Studio Version 16
VisualStudioVersion = 16.0.31515.178
MinimumVisualStudioVersion = 10.0.40219.1
Project("{FAE04EC0-301F-11D3-BF4B-00C04F79EFBC}") = "ConsoleApplication", "Book\ConsoleApplication.csproj", "{9EDDD451-8293-4385-A645-E45839BB330C}"
EndProject
Project("{FAE04EC0-301F-11D3-BF4B-00C04F79EFBC}") = "ClassLibrary", "ClassLibrary\ClassLibrary.csproj", "{93A75DE0-4866-4BBE-A0AD-AC7C116D55A9}"
EndProject
Global
	GlobalSection(SolutionConfigurationPlatforms) = preSolution
		Debug|Any CPU = Debug|Any CPU
		Release|Any CPU = Release|Any CPU
	EndGlobalSection
	GlobalSection(ProjectConfigurationPlatforms) = postSolution
		{9EDDD451-8293-4385-A645-E45839BB330C}.Debug|Any CPU.ActiveCfg = Debug|Any CPU
		{9EDDD451-8293-4385-A645-E45839BB330C}.Debug|Any CPU.Build.0 = Debug|Any CPU
		{9EDDD451-8293-4385-A645-E45839BB330C}.Release|Any CPU.ActiveCfg = Release|Any CPU
		{9EDDD451-8293-4385-A645-E45839BB330C}.Release|Any CPU.Build.0 = Release|Any CPU
		{93A75DE0-4866-4BBE-A0AD-AC7C116D55A9}.Debug|Any CPU.ActiveCfg = Debug|Any CPU
		{93A75DE0-4866-4BBE-A0AD-AC7C116D55A9}.Debug|Any CPU.Build.0 = Debug|Any CPU
		{93A75DE0-4866-4BBE-A0AD-AC7C116D55A9}.Release|Any CPU.ActiveCfg = Release|Any CPU
		{93A75DE0-4866-4BBE-A0AD-AC7C116D55A9}.Release|Any CPU.Build.0 = Release|Any CPU
	EndGlobalSection
	GlobalSection(SolutionProperties) = preSolution
		HideSolutionNode = FALSE
	EndGlobalSection
	GlobalSection(ExtensibilityGlobals) = postSolution
		SolutionGuid = {3284A6F4-BD04-41A3-9FBE-BE11914CA627}
	EndGlobalSection
EndGlobal
