
Microsoft Visual Studio Solution File, Format Version 12.00
# Visual Studio Version 16
VisualStudioVersion = 16.0.31515.178
MinimumVisualStudioVersion = 10.0.40219.1
Project("{FAE04EC0-301F-11D3-BF4B-00C04F79EFBC}") = "Test", "Test\Test.csproj", "{950559D3-18B0-41BA-BF72-8EDF75E823DB}"
EndProject
Project("{FAE04EC0-301F-11D3-BF4B-00C04F79EFBC}") = "ClassLibrary", "ClassLibrary\ClassLibrary.csproj", "{B7971761-DA88-4133-9BD2-0C34F278DCB1}"
EndProject
Project("{FAE04EC0-301F-11D3-BF4B-00C04F79EFBC}") = "Cone", "Cone\Cone.csproj", "{7E775B76-03B0-4AA8-A946-3046F6FADC68}"
EndProject
Global
	GlobalSection(SolutionConfigurationPlatforms) = preSolution
		Debug|Any CPU = Debug|Any CPU
		Release|Any CPU = Release|Any CPU
	EndGlobalSection
	GlobalSection(ProjectConfigurationPlatforms) = postSolution
		{950559D3-18B0-41BA-BF72-8EDF75E823DB}.Debug|Any CPU.ActiveCfg = Debug|Any CPU
		{950559D3-18B0-41BA-BF72-8EDF75E823DB}.Debug|Any CPU.Build.0 = Debug|Any CPU
		{950559D3-18B0-41BA-BF72-8EDF75E823DB}.Release|Any CPU.ActiveCfg = Release|Any CPU
		{950559D3-18B0-41BA-BF72-8EDF75E823DB}.Release|Any CPU.Build.0 = Release|Any CPU
		{B7971761-DA88-4133-9BD2-0C34F278DCB1}.Debug|Any CPU.ActiveCfg = Debug|Any CPU
		{B7971761-DA88-4133-9BD2-0C34F278DCB1}.Debug|Any CPU.Build.0 = Debug|Any CPU
		{B7971761-DA88-4133-9BD2-0C34F278DCB1}.Release|Any CPU.ActiveCfg = Release|Any CPU
		{B7971761-DA88-4133-9BD2-0C34F278DCB1}.Release|Any CPU.Build.0 = Release|Any CPU
		{7E775B76-03B0-4AA8-A946-3046F6FADC68}.Debug|Any CPU.ActiveCfg = Debug|Any CPU
		{7E775B76-03B0-4AA8-A946-3046F6FADC68}.Debug|Any CPU.Build.0 = Debug|Any CPU
		{7E775B76-03B0-4AA8-A946-3046F6FADC68}.Release|Any CPU.ActiveCfg = Release|Any CPU
		{7E775B76-03B0-4AA8-A946-3046F6FADC68}.Release|Any CPU.Build.0 = Release|Any CPU
	EndGlobalSection
	GlobalSection(SolutionProperties) = preSolution
		HideSolutionNode = FALSE
	EndGlobalSection
	GlobalSection(ExtensibilityGlobals) = postSolution
		SolutionGuid = {FCC6CA48-7A9F-4E0F-8659-F2876D590F36}
	EndGlobalSection
EndGlobal
